// !$*UTF8*$!
{
	archiveVersion = 1;
	classes = {
	};
	objectVersion = 50;
	objects = {

/* Begin PBXBuildFile section */
		6975F91625F1406A00C82E34 /* AppDelegate.swift in Sources */ = {isa = PBXBuildFile; fileRef = 6975F91525F1406A00C82E34 /* AppDelegate.swift */; };
		6975F91825F1406A00C82E34 /* SceneDelegate.swift in Sources */ = {isa = PBXBuildFile; fileRef = 6975F91725F1406A00C82E34 /* SceneDelegate.swift */; };
		6975F91A25F1406A00C82E34 /* ViewController.swift in Sources */ = {isa = PBXBuildFile; fileRef = 6975F91925F1406A00C82E34 /* ViewController.swift */; };
		6975F91D25F1406A00C82E34 /* Main.storyboard in Resources */ = {isa = PBXBuildFile; fileRef = 6975F91B25F1406A00C82E34 /* Main.storyboard */; };
		6975F92025F1406A00C82E34 /* estudosios.xcdatamodeld in Sources */ = {isa = PBXBuildFile; fileRef = 6975F91E25F1406A00C82E34 /* estudosios.xcdatamodeld */; };
		6975F92225F1406B00C82E34 /* Assets.xcassets in Resources */ = {isa = PBXBuildFile; fileRef = 6975F92125F1406B00C82E34 /* Assets.xcassets */; };
		6975F92525F1406B00C82E34 /* LaunchScreen.storyboard in Resources */ = {isa = PBXBuildFile; fileRef = 6975F92325F1406B00C82E34 /* LaunchScreen.storyboard */; };
		69B9522A25F16CF6004F7115 /* VoicemailController.swift in Sources */ = {isa = PBXBuildFile; fileRef = 69B9522925F16CF6004F7115 /* VoicemailController.swift */; };
		69FFB43D25F147FC00E5178C /* ContatosUITableViewController.swift in Sources */ = {isa = PBXBuildFile; fileRef = 69FFB43C25F147FC00E5178C /* ContatosUITableViewController.swift */; };
		69FFB44025F14C0300E5178C /* RecentesViewController.swift in Sources */ = {isa = PBXBuildFile; fileRef = 69FFB43F25F14C0300E5178C /* RecentesViewController.swift */; };
/* End PBXBuildFile section */

/* Begin PBXFileReference section */
		6975F91225F1406A00C82E34 /* estudosios.app */ = {isa = PBXFileReference; explicitFileType = wrapper.application; includeInIndex = 0; path = estudosios.app; sourceTree = BUILT_PRODUCTS_DIR; };
		6975F91525F1406A00C82E34 /* AppDelegate.swift */ = {isa = PBXFileReference; lastKnownFileType = sourcecode.swift; path = AppDelegate.swift; sourceTree = "<group>"; };
		6975F91725F1406A00C82E34 /* SceneDelegate.swift */ = {isa = PBXFileReference; lastKnownFileType = sourcecode.swift; path = SceneDelegate.swift; sourceTree = "<group>"; };
		6975F91925F1406A00C82E34 /* ViewController.swift */ = {isa = PBXFileReference; lastKnownFileType = sourcecode.swift; path = ViewController.swift; sourceTree = "<group>"; };
		6975F91C25F1406A00C82E34 /* Base */ = {isa = PBXFileReference; lastKnownFileType = file.storyboard; name = Base; path = Base.lproj/Main.storyboard; sourceTree = "<group>"; };
		6975F91F25F1406A00C82E34 /* estudosios.xcdatamodel */ = {isa = PBXFileReference; lastKnownFileType = wrapper.xcdatamodel; path = estudosios.xcdatamodel; sourceTree = "<group>"; };
		6975F92125F1406B00C82E34 /* Assets.xcassets */ = {isa = PBXFileReference; lastKnownFileType = folder.assetcatalog; path = Assets.xcassets; sourceTree = "<group>"; };
		6975F92425F1406B00C82E34 /* Base */ = {isa = PBXFileReference; lastKnownFileType = file.storyboard; name = Base; path = Base.lproj/LaunchScreen.storyboard; sourceTree = "<group>"; };
		6975F92625F1406B00C82E34 /* Info.plist */ = {isa = PBXFileReference; lastKnownFileType = text.plist.xml; path = Info.plist; sourceTree = "<group>"; };
		69B9522925F16CF6004F7115 /* VoicemailController.swift */ = {isa = PBXFileReference; lastKnownFileType = sourcecode.swift; path = VoicemailController.swift; sourceTree = "<group>"; };
		69FFB43C25F147FC00E5178C /* ContatosUITableViewController.swift */ = {isa = PBXFileReference; lastKnownFileType = sourcecode.swift; path = ContatosUITableViewController.swift; sourceTree = "<group>"; };
		69FFB43F25F14C0300E5178C /* RecentesViewController.swift */ = {isa = PBXFileReference; lastKnownFileType = sourcecode.swift; path = RecentesViewController.swift; sourceTree = "<group>"; };
/* End PBXFileReference section */

/* Begin PBXFrameworksBuildPhase section */
		6975F90F25F1406A00C82E34 /* Frameworks */ = {
			isa = PBXFrameworksBuildPhase;
			buildActionMask = 2147483647;
			files = (
			);
			runOnlyForDeploymentPostprocessing = 0;
		};
/* End PBXFrameworksBuildPhase section */

/* Begin PBXGroup section */
		6975F90925F1406A00C82E34 = {
			isa = PBXGroup;
			children = (
				6975F91425F1406A00C82E34 /* estudosios */,
				6975F91325F1406A00C82E34 /* Products */,
			);
			sourceTree = "<group>";
		};
		6975F91325F1406A00C82E34 /* Products */ = {
			isa = PBXGroup;
			children = (
				6975F91225F1406A00C82E34 /* estudosios.app */,
			);
			name = Products;
			sourceTree = "<group>";
		};
		6975F91425F1406A00C82E34 /* estudosios */ = {
			isa = PBXGroup;
			children = (
				6975F91525F1406A00C82E34 /* AppDelegate.swift */,
				6975F91725F1406A00C82E34 /* SceneDelegate.swift */,
				6975F91925F1406A00C82E34 /* ViewController.swift */,
				6975F91B25F1406A00C82E34 /* Main.storyboard */,
				69B9522925F16CF6004F7115 /* VoicemailController.swift */,
				69FFB43F25F14C0300E5178C /* RecentesViewController.swift */,
				69FFB43C25F147FC00E5178C /* ContatosUITableViewController.swift */,
				6975F92125F1406B00C82E34 /* Assets.xcassets */,
				6975F92325F1406B00C82E34 /* LaunchScreen.storyboard */,
				6975F92625F1406B00C82E34 /* Info.plist */,
				6975F91E25F1406A00C82E34 /* estudosios.xcdatamodeld */,
			);
			path = estudosios;
			sourceTree = "<group>";
		};
/* End PBXGroup section */

/* Begin PBXNativeTarget section */
		6975F91125F1406A00C82E34 /* estudosios */ = {
			isa = PBXNativeTarget;
			buildConfigurationList = 6975F92925F1406B00C82E34 /* Build configuration list for PBXNativeTarget "estudosios" */;
			buildPhases = (
				6975F90E25F1406A00C82E34 /* Sources */,
				6975F90F25F1406A00C82E34 /* Frameworks */,
				6975F91025F1406A00C82E34 /* Resources */,
			);
			buildRules = (
			);
			dependencies = (
			);
			name = estudosios;
			productName = estudosios;
			productReference = 6975F91225F1406A00C82E34 /* estudosios.app */;
			productType = "com.apple.product-type.application";
		};
/* End PBXNativeTarget section */

/* Begin PBXProject section */
		6975F90A25F1406A00C82E34 /* Project object */ = {
			isa = PBXProject;
			attributes = {
				LastSwiftUpdateCheck = 1220;
				LastUpgradeCheck = 1220;
				TargetAttributes = {
					6975F91125F1406A00C82E34 = {
						CreatedOnToolsVersion = 12.2;
					};
				};
			};
			buildConfigurationList = 6975F90D25F1406A00C82E34 /* Build configuration list for PBXProject "estudosios" */;
			compatibilityVersion = "Xcode 9.3";
			developmentRegion = en;
			hasScannedForEncodings = 0;
			knownRegions = (
				en,
				Base,
			);
			mainGroup = 6975F90925F1406A00C82E34;
			productRefGroup = 6975F91325F1406A00C82E34 /* Products */;
			projectDirPath = "";
			projectRoot = "";
			targets = (
				6975F91125F1406A00C82E34 /* estudosios */,
			);
		};
/* End PBXProject section */

/* Begin PBXResourcesBuildPhase section */
		6975F91025F1406A00C82E34 /* Resources */ = {
			isa = PBXResourcesBuildPhase;
			buildActionMask = 2147483647;
			files = (
				6975F92525F1406B00C82E34 /* LaunchScreen.storyboard in Resources */,
				6975F92225F1406B00C82E34 /* Assets.xcassets in Resources */,
				6975F91D25F1406A00C82E34 /* Main.storyboard in Resources */,
			);
			runOnlyForDeploymentPostprocessing = 0;
		};
/* End PBXResourcesBuildPhase section */

/* Begin PBXSourcesBuildPhase section */
		6975F90E25F1406A00C82E34 /* Sources */ = {
			isa = PBXSourcesBuildPhase;
			buildActionMask = 2147483647;
			files = (
				6975F91A25F1406A00C82E34 /* ViewController.swift in Sources */,
				6975F92025F1406A00C82E34 /* estudosios.xcdatamodeld in Sources */,
				69FFB43D25F147FC00E5178C /* ContatosUITableViewController.swift in Sources */,
				69FFB44025F14C0300E5178C /* RecentesViewController.swift in Sources */,
				6975F91625F1406A00C82E34 /* AppDelegate.swift in Sources */,
				69B9522A25F16CF6004F7115 /* VoicemailController.swift in Sources */,
				6975F91825F1406A00C82E34 /* SceneDelegate.swift in Sources */,
			);
			runOnlyForDeploymentPostprocessing = 0;
		};
/* End PBXSourcesBuildPhase section */

/* Begin PBXVariantGroup section */
		6975F91B25F1406A00C82E34 /* Main.storyboard */ = {
			isa = PBXVariantGroup;
			children = (
				6975F91C25F1406A00C82E34 /* Base */,
			);
			name = Main.storyboard;
			sourceTree = "<group>";
		};
		6975F92325F1406B00C82E34 /* LaunchScreen.storyboard */ = {
			isa = PBXVariantGroup;
			children = (
				6975F92425F1406B00C82E34 /* Base */,
			);
			name = LaunchScreen.storyboard;
			sourceTree = "<group>";
		};
/* End PBXVariantGroup section */

/* Begin XCBuildConfiguration section */
		6975F92725F1406B00C82E34 /* Debug */ = {
			isa = XCBuildConfiguration;
			buildSettings = {
				ALWAYS_SEARCH_USER_PATHS = NO;
				CLANG_ANALYZER_NONNULL = YES;
				CLANG_ANALYZER_NUMBER_OBJECT_CONVERSION = YES_AGGRESSIVE;
				CLANG_CXX_LANGUAGE_STANDARD = "gnu++14";
				CLANG_CXX_LIBRARY = "libc++";
				CLANG_ENABLE_MODULES = YES;
				CLANG_ENABLE_OBJC_ARC = YES;
				CLANG_ENABLE_OBJC_WEAK = YES;
				CLANG_WARN_BLOCK_CAPTURE_AUTORELEASING = YES;
				CLANG_WARN_BOOL_CONVERSION = YES;
				CLANG_WARN_COMMA = YES;
				CLANG_WARN_CONSTANT_CONVERSION = YES;
				CLANG_WARN_DEPRECATED_OBJC_IMPLEMENTATIONS = YES;
				CLANG_WARN_DIRECT_OBJC_ISA_USAGE = YES_ERROR;
				CLANG_WARN_DOCUMENTATION_COMMENTS = YES;
				CLANG_WARN_EMPTY_BODY = YES;
				CLANG_WARN_ENUM_CONVERSION = YES;
				CLANG_WARN_INFINITE_RECURSION = YES;
				CLANG_WARN_INT_CONVERSION = YES;
				CLANG_WARN_NON_LITERAL_NULL_CONVERSION = YES;
				CLANG_WARN_OBJC_IMPLICIT_RETAIN_SELF = YES;
				CLANG_WARN_OBJC_LITERAL_CONVERSION = YES;
				CLANG_WARN_OBJC_ROOT_CLASS = YES_ERROR;
				CLANG_WARN_QUOTED_INCLUDE_IN_FRAMEWORK_HEADER = YES;
				CLANG_WARN_RANGE_LOOP_ANALYSIS = YES;
				CLANG_WARN_STRICT_PROTOTYPES = YES;
				CLANG_WARN_SUSPICIOUS_MOVE = YES;
				CLANG_WARN_UNGUARDED_AVAILABILITY = YES_AGGRESSIVE;
				CLANG_WARN_UNREACHABLE_CODE = YES;
				CLANG_WARN__DUPLICATE_METHOD_MATCH = YES;
				COPY_PHASE_STRIP = NO;
				DEBUG_INFORMATION_FORMAT = dwarf;
				ENABLE_STRICT_OBJC_MSGSEND = YES;
				ENABLE_TESTABILITY = YES;
				GCC_C_LANGUAGE_STANDARD = gnu11;
				GCC_DYNAMIC_NO_PIC = NO;
				GCC_NO_COMMON_BLOCKS = YES;
				GCC_OPTIMIZATION_LEVEL = 0;
				GCC_PREPROCESSOR_DEFINITIONS = (
					"DEBUG=1",
					"$(inherited)",
				);
				GCC_WARN_64_TO_32_BIT_CONVERSION = YES;
				GCC_WARN_ABOUT_RETURN_TYPE = YES_ERROR;
				GCC_WARN_UNDECLARED_SELECTOR = YES;
				GCC_WARN_UNINITIALIZED_AUTOS = YES_AGGRESSIVE;
				GCC_WARN_UNUSED_FUNCTION = YES;
				GCC_WARN_UNUSED_VARIABLE = YES;
				IPHONEOS_DEPLOYMENT_TARGET = 14.2;
				MTL_ENABLE_DEBUG_INFO = INCLUDE_SOURCE;
				MTL_FAST_MATH = YES;
				ONLY_ACTIVE_ARCH = YES;
				SDKROOT = iphoneos;
				SWIFT_ACTIVE_COMPILATION_CONDITIONS = DEBUG;
				SWIFT_OPTIMIZATION_LEVEL = "-Onone";
			};
			name = Debug;
		};
		6975F92825F1406B00C82E34 /* Release */ = {
			isa = XCBuildConfiguration;
			buildSettings = {
				ALWAYS_SEARCH_USER_PATHS = NO;
				CLANG_ANALYZER_NONNULL = YES;
				CLANG_ANALYZER_NUMBER_OBJECT_CONVERSION = YES_AGGRESSIVE;
				CLANG_CXX_LANGUAGE_STANDARD = "gnu++14";
				CLANG_CXX_LIBRARY = "libc++";
				CLANG_ENABLE_MODULES = YES;
				CLANG_ENABLE_OBJC_ARC = YES;
				CLANG_ENABLE_OBJC_WEAK = YES;
				CLANG_WARN_BLOCK_CAPTURE_AUTORELEASING = YES;
				CLANG_WARN_BOOL_CONVERSION = YES;
				CLANG_WARN_COMMA = YES;
				CLANG_WARN_CONSTANT_CONVERSION = YES;
				CLANG_WARN_DEPRECATED_OBJC_IMPLEMENTATIONS = YES;
				CLANG_WARN_DIRECT_OBJC_ISA_USAGE = YES_ERROR;
				CLANG_WARN_DOCUMENTATION_COMMENTS = YES;
				CLANG_WARN_EMPTY_BODY = YES;
				CLANG_WARN_ENUM_CONVERSION = YES;
				CLANG_WARN_INFINITE_RECURSION = YES;
				CLANG_WARN_INT_CONVERSION = YES;
				CLANG_WARN_NON_LITERAL_NULL_CONVERSION = YES;
				CLANG_WARN_OBJC_IMPLICIT_RETAIN_SELF = YES;
				CLANG_WARN_OBJC_LITERAL_CONVERSION = YES;
				CLANG_WARN_OBJC_ROOT_CLASS = YES_ERROR;
				CLANG_WARN_QUOTED_INCLUDE_IN_FRAMEWORK_HEADER = YES;
				CLANG_WARN_RANGE_LOOP_ANALYSIS = YES;
				CLANG_WARN_STRICT_PROTOTYPES = YES;
				CLANG_WARN_SUSPICIOUS_MOVE = YES;
				CLANG_WARN_UNGUARDED_AVAILABILITY = YES_AGGRESSIVE;
				CLANG_WARN_UNREACHABLE_CODE = YES;
				CLANG_WARN__DUPLICATE_METHOD_MATCH = YES;
				COPY_PHASE_STRIP = NO;
				DEBUG_INFORMATION_FORMAT = "dwarf-with-dsym";
				ENABLE_NS_ASSERTIONS = NO;
				ENABLE_STRICT_OBJC_MSGSEND = YES;
				GCC_C_LANGUAGE_STANDARD = gnu11;
				GCC_NO_COMMON_BLOCKS = YES;
				GCC_WARN_64_TO_32_BIT_CONVERSION = YES;
				GCC_WARN_ABOUT_RETURN_TYPE = YES_ERROR;
				GCC_WARN_UNDECLARED_SELECTOR = YES;
				GCC_WARN_UNINITIALIZED_AUTOS = YES_AGGRESSIVE;
				GCC_WARN_UNUSED_FUNCTION = YES;
				GCC_WARN_UNUSED_VARIABLE = YES;
				IPHONEOS_DEPLOYMENT_TARGET = 14.2;
				MTL_ENABLE_DEBUG_INFO = NO;
				MTL_FAST_MATH = YES;
				SDKROOT = iphoneos;
				SWIFT_COMPILATION_MODE = wholemodule;
				SWIFT_OPTIMIZATION_LEVEL = "-O";
				VALIDATE_PRODUCT = YES;
			};
			name = Release;
		};
		6975F92A25F1406B00C82E34 /* Debug */ = {
			isa = XCBuildConfiguration;
			buildSettings = {
				ASSETCATALOG_COMPILER_APPICON_NAME = AppIcon;
				ASSETCATALOG_COMPILER_GLOBAL_ACCENT_COLOR_NAME = AccentColor;
				CODE_SIGN_STYLE = Automatic;
				DEVELOPMENT_TEAM = KYJDCRALFU;
				INFOPLIST_FILE = estudosios/Info.plist;
				LD_RUNPATH_SEARCH_PATHS = (
					"$(inherited)",
					"@executable_path/Frameworks",
				);
				PRODUCT_BUNDLE_IDENTIFIER = Estudos.estudosios;
				PRODUCT_NAME = "$(TARGET_NAME)";
				SWIFT_VERSION = 5.0;
				TARGETED_DEVICE_FAMILY = "1,2";
			};
			name = Debug;
		};
		6975F92B25F1406B00C82E34 /* Release */ = {
			isa = XCBuildConfiguration;
			buildSettings = {
				ASSETCATALOG_COMPILER_APPICON_NAME = AppIcon;
				ASSETCATALOG_COMPILER_GLOBAL_ACCENT_COLOR_NAME = AccentColor;
				CODE_SIGN_STYLE = Automatic;
				DEVELOPMENT_TEAM = KYJDCRALFU;
				INFOPLIST_FILE = estudosios/Info.plist;
				LD_RUNPATH_SEARCH_PATHS = (
					"$(inherited)",
					"@executable_path/Frameworks",
				);
				PRODUCT_BUNDLE_IDENTIFIER = Estudos.estudosios;
				PRODUCT_NAME = "$(TARGET_NAME)";
				SWIFT_VERSION = 5.0;
				TARGETED_DEVICE_FAMILY = "1,2";
			};
			name = Release;
		};
/* End XCBuildConfiguration section */

/* Begin XCConfigurationList section */
		6975F90D25F1406A00C82E34 /* Build configuration list for PBXProject "estudosios" */ = {
			isa = XCConfigurationList;
			buildConfigurations = (
				6975F92725F1406B00C82E34 /* Debug */,
				6975F92825F1406B00C82E34 /* Release */,
			);
			defaultConfigurationIsVisible = 0;
			defaultConfigurationName = Release;
		};
		6975F92925F1406B00C82E34 /* Build configuration list for PBXNativeTarget "estudosios" */ = {
			isa = XCConfigurationList;
			buildConfigurations = (
				6975F92A25F1406B00C82E34 /* Debug */,
				6975F92B25F1406B00C82E34 /* Release */,
			);
			defaultConfigurationIsVisible = 0;
			defaultConfigurationName = Release;
		};
/* End XCConfigurationList section */

/* Begin XCVersionGroup section */
		6975F91E25F1406A00C82E34 /* estudosios.xcdatamodeld */ = {
			isa = XCVersionGroup;
			children = (
				6975F91F25F1406A00C82E34 /* estudosios.xcdatamodel */,
			);
			currentVersion = 6975F91F25F1406A00C82E34 /* estudosios.xcdatamodel */;
			path = estudosios.xcdatamodeld;
			sourceTree = "<group>";
			versionGroupType = wrapper.xcdatamodel;
		};
/* End XCVersionGroup section */
	};
	rootObject = 6975F90A25F1406A00C82E34 /* Project object */;
}
